
Microsoft Visual Studio Solution File, Format Version 12.00
# Visual Studio Version 16
VisualStudioVersion = 16.0.31313.79
MinimumVisualStudioVersion = 10.0.40219.1
Project("{FAE04EC0-301F-11D3-BF4B-00C04F79EFBC}") = "SAIMC_MemberManager", "SAIMC_MemberManager.csproj", "{32137EED-0FC5-4762-BF39-68A78A81DD70}"
EndProject
Global
	GlobalSection(SolutionConfigurationPlatforms) = preSolution
		Debug|Any CPU = Debug|Any CPU
		Release|Any CPU = Release|Any CPU
	EndGlobalSection
	GlobalSection(ProjectConfigurationPlatforms) = postSolution
		{32137EED-0FC5-4762-BF39-68A78A81DD70}.Debug|Any CPU.ActiveCfg = Debug|Any CPU
		{32137EED-0FC5-4762-BF39-68A78A81DD70}.Debug|Any CPU.Build.0 = Debug|Any CPU
		{32137EED-0FC5-4762-BF39-68A78A81DD70}.Release|Any CPU.ActiveCfg = Release|Any CPU
		{32137EED-0FC5-4762-BF39-68A78A81DD70}.Release|Any CPU.Build.0 = Release|Any CPU
	EndGlobalSection
	GlobalSection(SolutionProperties) = preSolution
		HideSolutionNode = FALSE
	EndGlobalSection
	GlobalSection(ExtensibilityGlobals) = postSolution
		SolutionGuid = {8319B8FB-F139-4FB6-822C-0C76297B6DF3}
	EndGlobalSection
EndGlobal
